// !$*UTF8*$!
{
	archiveVersion = 1;
	classes = {
	};
	objectVersion = 50;
	objects = {

/* Begin PBXBuildFile section */
		F911466C2476882500E26A23 /* AppDelegate.swift in Sources */ = {isa = PBXBuildFile; fileRef = F911466B2476882400E26A23 /* AppDelegate.swift */; };
		F911466E2476882500E26A23 /* SceneDelegate.swift in Sources */ = {isa = PBXBuildFile; fileRef = F911466D2476882500E26A23 /* SceneDelegate.swift */; };
		F91146702476882500E26A23 /* WeatherListViewController.swift in Sources */ = {isa = PBXBuildFile; fileRef = F911466F2476882500E26A23 /* WeatherListViewController.swift */; };
		F91146732476882500E26A23 /* Main.storyboard in Resources */ = {isa = PBXBuildFile; fileRef = F91146712476882500E26A23 /* Main.storyboard */; };
		F91146752476883100E26A23 /* Assets.xcassets in Resources */ = {isa = PBXBuildFile; fileRef = F91146742476883100E26A23 /* Assets.xcassets */; };
		F91146782476883100E26A23 /* LaunchScreen.storyboard in Resources */ = {isa = PBXBuildFile; fileRef = F91146762476883100E26A23 /* LaunchScreen.storyboard */; };
		F91146832476883200E26A23 /* Optus_POCTests.swift in Sources */ = {isa = PBXBuildFile; fileRef = F91146822476883200E26A23 /* Optus_POCTests.swift */; };
		F911468E2476883200E26A23 /* Optus_POCUITests.swift in Sources */ = {isa = PBXBuildFile; fileRef = F911468D2476883200E26A23 /* Optus_POCUITests.swift */; };
		F91146A1247690FD00E26A23 /* WeatherTableViewCell.swift in Sources */ = {isa = PBXBuildFile; fileRef = F91146A0247690FD00E26A23 /* WeatherTableViewCell.swift */; };
		F91146A42476925200E26A23 /* Constant.swift in Sources */ = {isa = PBXBuildFile; fileRef = F91146A32476925200E26A23 /* Constant.swift */; };
		F91146A624769BAB00E26A23 /* WeatherModel.swift in Sources */ = {isa = PBXBuildFile; fileRef = F91146A524769BAB00E26A23 /* WeatherModel.swift */; };
		F91146A82476BD0300E26A23 /* TempInformation.swift in Sources */ = {isa = PBXBuildFile; fileRef = F91146A72476BD0300E26A23 /* TempInformation.swift */; };
		F91146AA2476CA3A00E26A23 /* NetworkManager.swift in Sources */ = {isa = PBXBuildFile; fileRef = F91146A92476CA3A00E26A23 /* NetworkManager.swift */; };
		F91146AD2476CB6F00E26A23 /* WeatherDataViewModel.swift in Sources */ = {isa = PBXBuildFile; fileRef = F91146AC2476CB6F00E26A23 /* WeatherDataViewModel.swift */; };
		F91146AF24779CFD00E26A23 /* UIImageView+URLImage.swift in Sources */ = {isa = PBXBuildFile; fileRef = F91146AE24779CFD00E26A23 /* UIImageView+URLImage.swift */; };
		F91146B72477E53A00E26A23 /* WeatherDetailTableViewCell.swift in Sources */ = {isa = PBXBuildFile; fileRef = F91146B62477E53A00E26A23 /* WeatherDetailTableViewCell.swift */; };
		F91146BB247851BE00E26A23 /* WeatherDetailTableViewController.swift in Sources */ = {isa = PBXBuildFile; fileRef = F91146BA247851BE00E26A23 /* WeatherDetailTableViewController.swift */; };
		F9684EF524791B94003C0682 /* WeeklyWeatherTableViewCell.swift in Sources */ = {isa = PBXBuildFile; fileRef = F9684EF424791B94003C0682 /* WeeklyWeatherTableViewCell.swift */; };
		F9684EF824792EAD003C0682 /* WeeklyWeatherModel.swift in Sources */ = {isa = PBXBuildFile; fileRef = F9684EF724792EAD003C0682 /* WeeklyWeatherModel.swift */; };
		F9684EFB247934EB003C0682 /* WeeklyWeatherViewModel.swift in Sources */ = {isa = PBXBuildFile; fileRef = F9684EFA247934EB003C0682 /* WeeklyWeatherViewModel.swift */; };
		F9684EFD24795802003C0682 /* DailyWeatherCollectionViewCell.swift in Sources */ = {isa = PBXBuildFile; fileRef = F9684EFC24795802003C0682 /* DailyWeatherCollectionViewCell.swift */; };
		F9684F03247A4CDB003C0682 /* CityDataModel.swift in Sources */ = {isa = PBXBuildFile; fileRef = F9684F02247A4CDB003C0682 /* CityDataModel.swift */; };
		F9684F05247A5695003C0682 /* CityViewModel.swift in Sources */ = {isa = PBXBuildFile; fileRef = F9684F04247A5695003C0682 /* CityViewModel.swift */; };
		F990B6F1247E2EE40061A66A /* current.city.list.json in Resources */ = {isa = PBXBuildFile; fileRef = F990B6F0247E2EE40061A66A /* current.city.list.json */; };
		F9AD0988247A74E5003CB487 /* CityTableViewCell.swift in Sources */ = {isa = PBXBuildFile; fileRef = F9AD0987247A74E5003CB487 /* CityTableViewCell.swift */; };
		F9AD098A247A8EE3003CB487 /* UITableViewControllerExtension.swift in Sources */ = {isa = PBXBuildFile; fileRef = F9AD0989247A8EE3003CB487 /* UITableViewControllerExtension.swift */; };
		F9AD098C247AA0EF003CB487 /* UserDefault+Helper.swift in Sources */ = {isa = PBXBuildFile; fileRef = F9AD098B247AA0EF003CB487 /* UserDefault+Helper.swift */; };
		F9AD098E247AF66B003CB487 /* ApiKeys.plist in Resources */ = {isa = PBXBuildFile; fileRef = F9AD098D247AF66B003CB487 /* ApiKeys.plist */; };
		F9AD0992247B93AF003CB487 /* Localizable.strings in Resources */ = {isa = PBXBuildFile; fileRef = F9AD0991247B93AF003CB487 /* Localizable.strings */; };
		F9AD0994247BA817003CB487 /* AddCity_Test.swift in Sources */ = {isa = PBXBuildFile; fileRef = F9AD0993247BA817003CB487 /* AddCity_Test.swift */; };
		F9AD0996247BBB6C003CB487 /* Reachability.swift in Sources */ = {isa = PBXBuildFile; fileRef = F9AD0995247BBB6C003CB487 /* Reachability.swift */; };
		F9AD0998247BF4C4003CB487 /* String+Capital.swift in Sources */ = {isa = PBXBuildFile; fileRef = F9AD0997247BF4C4003CB487 /* String+Capital.swift */; };
		F9F6174B247A634500810F99 /* AddCityViewController.swift in Sources */ = {isa = PBXBuildFile; fileRef = F9F6174A247A634500810F99 /* AddCityViewController.swift */; };
/* End PBXBuildFile section */

/* Begin PBXContainerItemProxy section */
		F911467F2476883200E26A23 /* PBXContainerItemProxy */ = {
			isa = PBXContainerItemProxy;
			containerPortal = F91146602476882400E26A23 /* Project object */;
			proxyType = 1;
			remoteGlobalIDString = F91146672476882400E26A23;
			remoteInfo = "Optus POC";
		};
		F911468A2476883200E26A23 /* PBXContainerItemProxy */ = {
			isa = PBXContainerItemProxy;
			containerPortal = F91146602476882400E26A23 /* Project object */;
			proxyType = 1;
			remoteGlobalIDString = F91146672476882400E26A23;
			remoteInfo = "Optus POC";
		};
/* End PBXContainerItemProxy section */

/* Begin PBXFileReference section */
		F91146682476882400E26A23 /* Optus POC.app */ = {isa = PBXFileReference; explicitFileType = wrapper.application; includeInIndex = 0; path = "Optus POC.app"; sourceTree = BUILT_PRODUCTS_DIR; };
		F911466B2476882400E26A23 /* AppDelegate.swift */ = {isa = PBXFileReference; lastKnownFileType = sourcecode.swift; path = AppDelegate.swift; sourceTree = "<group>"; };
		F911466D2476882500E26A23 /* SceneDelegate.swift */ = {isa = PBXFileReference; lastKnownFileType = sourcecode.swift; path = SceneDelegate.swift; sourceTree = "<group>"; };
		F911466F2476882500E26A23 /* WeatherListViewController.swift */ = {isa = PBXFileReference; lastKnownFileType = sourcecode.swift; path = WeatherListViewController.swift; sourceTree = "<group>"; };
		F91146722476882500E26A23 /* Base */ = {isa = PBXFileReference; lastKnownFileType = file.storyboard; name = Base; path = Base.lproj/Main.storyboard; sourceTree = "<group>"; };
		F91146742476883100E26A23 /* Assets.xcassets */ = {isa = PBXFileReference; lastKnownFileType = folder.assetcatalog; path = Assets.xcassets; sourceTree = "<group>"; };
		F91146772476883100E26A23 /* Base */ = {isa = PBXFileReference; lastKnownFileType = file.storyboard; name = Base; path = Base.lproj/LaunchScreen.storyboard; sourceTree = "<group>"; };
		F91146792476883100E26A23 /* Info.plist */ = {isa = PBXFileReference; lastKnownFileType = text.plist.xml; path = Info.plist; sourceTree = "<group>"; };
		F911467E2476883200E26A23 /* Optus POCTests.xctest */ = {isa = PBXFileReference; explicitFileType = wrapper.cfbundle; includeInIndex = 0; path = "Optus POCTests.xctest"; sourceTree = BUILT_PRODUCTS_DIR; };
		F91146822476883200E26A23 /* Optus_POCTests.swift */ = {isa = PBXFileReference; lastKnownFileType = sourcecode.swift; path = Optus_POCTests.swift; sourceTree = "<group>"; };
		F91146842476883200E26A23 /* Info.plist */ = {isa = PBXFileReference; lastKnownFileType = text.plist.xml; path = Info.plist; sourceTree = "<group>"; };
		F91146892476883200E26A23 /* Optus POCUITests.xctest */ = {isa = PBXFileReference; explicitFileType = wrapper.cfbundle; includeInIndex = 0; path = "Optus POCUITests.xctest"; sourceTree = BUILT_PRODUCTS_DIR; };
		F911468D2476883200E26A23 /* Optus_POCUITests.swift */ = {isa = PBXFileReference; lastKnownFileType = sourcecode.swift; path = Optus_POCUITests.swift; sourceTree = "<group>"; };
		F911468F2476883200E26A23 /* Info.plist */ = {isa = PBXFileReference; lastKnownFileType = text.plist.xml; path = Info.plist; sourceTree = "<group>"; };
		F91146A0247690FD00E26A23 /* WeatherTableViewCell.swift */ = {isa = PBXFileReference; lastKnownFileType = sourcecode.swift; path = WeatherTableViewCell.swift; sourceTree = "<group>"; };
		F91146A32476925200E26A23 /* Constant.swift */ = {isa = PBXFileReference; lastKnownFileType = sourcecode.swift; path = Constant.swift; sourceTree = "<group>"; };
		F91146A524769BAB00E26A23 /* WeatherModel.swift */ = {isa = PBXFileReference; lastKnownFileType = sourcecode.swift; path = WeatherModel.swift; sourceTree = "<group>"; };
		F91146A72476BD0300E26A23 /* TempInformation.swift */ = {isa = PBXFileReference; lastKnownFileType = sourcecode.swift; path = TempInformation.swift; sourceTree = "<group>"; };
		F91146A92476CA3A00E26A23 /* NetworkManager.swift */ = {isa = PBXFileReference; lastKnownFileType = sourcecode.swift; path = NetworkManager.swift; sourceTree = "<group>"; };
		F91146AC2476CB6F00E26A23 /* WeatherDataViewModel.swift */ = {isa = PBXFileReference; lastKnownFileType = sourcecode.swift; path = WeatherDataViewModel.swift; sourceTree = "<group>"; };
		F91146AE24779CFD00E26A23 /* UIImageView+URLImage.swift */ = {isa = PBXFileReference; fileEncoding = 4; lastKnownFileType = sourcecode.swift; path = "UIImageView+URLImage.swift"; sourceTree = "<group>"; };
		F91146B62477E53A00E26A23 /* WeatherDetailTableViewCell.swift */ = {isa = PBXFileReference; lastKnownFileType = sourcecode.swift; path = WeatherDetailTableViewCell.swift; sourceTree = "<group>"; };
		F91146BA247851BE00E26A23 /* WeatherDetailTableViewController.swift */ = {isa = PBXFileReference; lastKnownFileType = sourcecode.swift; path = WeatherDetailTableViewController.swift; sourceTree = "<group>"; };
		F9684EF424791B94003C0682 /* WeeklyWeatherTableViewCell.swift */ = {isa = PBXFileReference; lastKnownFileType = sourcecode.swift; path = WeeklyWeatherTableViewCell.swift; sourceTree = "<group>"; };
		F9684EF724792EAD003C0682 /* WeeklyWeatherModel.swift */ = {isa = PBXFileReference; lastKnownFileType = sourcecode.swift; path = WeeklyWeatherModel.swift; sourceTree = "<group>"; };
		F9684EFA247934EB003C0682 /* WeeklyWeatherViewModel.swift */ = {isa = PBXFileReference; lastKnownFileType = sourcecode.swift; path = WeeklyWeatherViewModel.swift; sourceTree = "<group>"; };
		F9684EFC24795802003C0682 /* DailyWeatherCollectionViewCell.swift */ = {isa = PBXFileReference; lastKnownFileType = sourcecode.swift; path = DailyWeatherCollectionViewCell.swift; sourceTree = "<group>"; };
		F9684F02247A4CDB003C0682 /* CityDataModel.swift */ = {isa = PBXFileReference; lastKnownFileType = sourcecode.swift; path = CityDataModel.swift; sourceTree = "<group>"; };
		F9684F04247A5695003C0682 /* CityViewModel.swift */ = {isa = PBXFileReference; lastKnownFileType = sourcecode.swift; path = CityViewModel.swift; sourceTree = "<group>"; };
		F990B6F0247E2EE40061A66A /* current.city.list.json */ = {isa = PBXFileReference; fileEncoding = 4; lastKnownFileType = text.json; path = current.city.list.json; sourceTree = "<group>"; };
		F9AD0987247A74E5003CB487 /* CityTableViewCell.swift */ = {isa = PBXFileReference; lastKnownFileType = sourcecode.swift; path = CityTableViewCell.swift; sourceTree = "<group>"; };
		F9AD0989247A8EE3003CB487 /* UITableViewControllerExtension.swift */ = {isa = PBXFileReference; lastKnownFileType = sourcecode.swift; path = UITableViewControllerExtension.swift; sourceTree = "<group>"; };
		F9AD098B247AA0EF003CB487 /* UserDefault+Helper.swift */ = {isa = PBXFileReference; lastKnownFileType = sourcecode.swift; path = "UserDefault+Helper.swift"; sourceTree = "<group>"; };
		F9AD098D247AF66B003CB487 /* ApiKeys.plist */ = {isa = PBXFileReference; lastKnownFileType = text.plist.xml; path = ApiKeys.plist; sourceTree = "<group>"; };
		F9AD0991247B93AF003CB487 /* Localizable.strings */ = {isa = PBXFileReference; lastKnownFileType = text.plist.strings; path = Localizable.strings; sourceTree = "<group>"; };
		F9AD0993247BA817003CB487 /* AddCity_Test.swift */ = {isa = PBXFileReference; lastKnownFileType = sourcecode.swift; path = AddCity_Test.swift; sourceTree = "<group>"; };
		F9AD0995247BBB6C003CB487 /* Reachability.swift */ = {isa = PBXFileReference; lastKnownFileType = sourcecode.swift; path = Reachability.swift; sourceTree = "<group>"; };
		F9AD0997247BF4C4003CB487 /* String+Capital.swift */ = {isa = PBXFileReference; lastKnownFileType = sourcecode.swift; path = "String+Capital.swift"; sourceTree = "<group>"; };
		F9F6174A247A634500810F99 /* AddCityViewController.swift */ = {isa = PBXFileReference; lastKnownFileType = sourcecode.swift; path = AddCityViewController.swift; sourceTree = "<group>"; };
/* End PBXFileReference section */

/* Begin PBXFrameworksBuildPhase section */
		F91146652476882400E26A23 /* Frameworks */ = {
			isa = PBXFrameworksBuildPhase;
			buildActionMask = 2147483647;
			files = (
			);
			runOnlyForDeploymentPostprocessing = 0;
		};
		F911467B2476883200E26A23 /* Frameworks */ = {
			isa = PBXFrameworksBuildPhase;
			buildActionMask = 2147483647;
			files = (
			);
			runOnlyForDeploymentPostprocessing = 0;
		};
		F91146862476883200E26A23 /* Frameworks */ = {
			isa = PBXFrameworksBuildPhase;
			buildActionMask = 2147483647;
			files = (
			);
			runOnlyForDeploymentPostprocessing = 0;
		};
/* End PBXFrameworksBuildPhase section */

/* Begin PBXGroup section */
		F911465F2476882400E26A23 = {
			isa = PBXGroup;
			children = (
				F911466A2476882400E26A23 /* Optus POC */,
				F91146812476883200E26A23 /* Optus POCTests */,
				F911468C2476883200E26A23 /* Optus POCUITests */,
				F91146692476882400E26A23 /* Products */,
			);
			sourceTree = "<group>";
		};
		F91146692476882400E26A23 /* Products */ = {
			isa = PBXGroup;
			children = (
				F91146682476882400E26A23 /* Optus POC.app */,
				F911467E2476883200E26A23 /* Optus POCTests.xctest */,
				F91146892476883200E26A23 /* Optus POCUITests.xctest */,
			);
			name = Products;
			sourceTree = "<group>";
		};
		F911466A2476882400E26A23 /* Optus POC */ = {
			isa = PBXGroup;
			children = (
				F911469B2476908800E26A23 /* Weather List */,
				F91146B02477D76600E26A23 /* Weather Details */,
				F9684F00247A4CB5003C0682 /* Add City */,
				F91146AB2476CA4100E26A23 /* Network Manager */,
				F91146A22476924100E26A23 /* Utilities */,
				F911469C2476909F00E26A23 /* App Delegate */,
				F91146712476882500E26A23 /* Main.storyboard */,
				F91146742476883100E26A23 /* Assets.xcassets */,
				F91146762476883100E26A23 /* LaunchScreen.storyboard */,
				F91146792476883100E26A23 /* Info.plist */,
			);
			path = "Optus POC";
			sourceTree = "<group>";
		};
		F91146812476883200E26A23 /* Optus POCTests */ = {
			isa = PBXGroup;
			children = (
				F91146822476883200E26A23 /* Optus_POCTests.swift */,
				F91146842476883200E26A23 /* Info.plist */,
				F9AD0993247BA817003CB487 /* AddCity_Test.swift */,
			);
			path = "Optus POCTests";
			sourceTree = "<group>";
		};
		F911468C2476883200E26A23 /* Optus POCUITests */ = {
			isa = PBXGroup;
			children = (
				F911468D2476883200E26A23 /* Optus_POCUITests.swift */,
				F911468F2476883200E26A23 /* Info.plist */,
			);
			path = "Optus POCUITests";
			sourceTree = "<group>";
		};
		F911469B2476908800E26A23 /* Weather List */ = {
			isa = PBXGroup;
			children = (
				F911469F247690C700E26A23 /* View Model */,
				F911469E247690BF00E26A23 /* Model */,
				F911469D247690B400E26A23 /* View */,
			);
			path = "Weather List";
			sourceTree = "<group>";
		};
		F911469C2476909F00E26A23 /* App Delegate */ = {
			isa = PBXGroup;
			children = (
				F911466B2476882400E26A23 /* AppDelegate.swift */,
				F911466D2476882500E26A23 /* SceneDelegate.swift */,
			);
			path = "App Delegate";
			sourceTree = "<group>";
		};
		F911469D247690B400E26A23 /* View */ = {
			isa = PBXGroup;
			children = (
				F911466F2476882500E26A23 /* WeatherListViewController.swift */,
				F91146A0247690FD00E26A23 /* WeatherTableViewCell.swift */,
			);
			path = View;
			sourceTree = "<group>";
		};
		F911469E247690BF00E26A23 /* Model */ = {
			isa = PBXGroup;
			children = (
				F91146A524769BAB00E26A23 /* WeatherModel.swift */,
				F91146A72476BD0300E26A23 /* TempInformation.swift */,
			);
			path = Model;
			sourceTree = "<group>";
		};
		F911469F247690C700E26A23 /* View Model */ = {
			isa = PBXGroup;
			children = (
				F91146AC2476CB6F00E26A23 /* WeatherDataViewModel.swift */,
			);
			path = "View Model";
			sourceTree = "<group>";
		};
		F91146A22476924100E26A23 /* Utilities */ = {
			isa = PBXGroup;
			children = (
				F990B6F0247E2EE40061A66A /* current.city.list.json */,
				F91146AE24779CFD00E26A23 /* UIImageView+URLImage.swift */,
				F91146A32476925200E26A23 /* Constant.swift */,
				F9AD098B247AA0EF003CB487 /* UserDefault+Helper.swift */,
				F9AD0989247A8EE3003CB487 /* UITableViewControllerExtension.swift */,
				F9AD098D247AF66B003CB487 /* ApiKeys.plist */,
				F9AD0991247B93AF003CB487 /* Localizable.strings */,
				F9AD0995247BBB6C003CB487 /* Reachability.swift */,
				F9AD0997247BF4C4003CB487 /* String+Capital.swift */,
			);
			path = Utilities;
			sourceTree = "<group>";
		};
		F91146AB2476CA4100E26A23 /* Network Manager */ = {
			isa = PBXGroup;
			children = (
				F91146A92476CA3A00E26A23 /* NetworkManager.swift */,
			);
			path = "Network Manager";
			sourceTree = "<group>";
		};
		F91146B02477D76600E26A23 /* Weather Details */ = {
			isa = PBXGroup;
			children = (
				F9684EF9247934CA003C0682 /* View Model */,
				F9684EF624792E97003C0682 /* Model */,
				F91146B12477D77700E26A23 /* View */,
			);
			path = "Weather Details";
			sourceTree = "<group>";
		};
		F91146B12477D77700E26A23 /* View */ = {
			isa = PBXGroup;
			children = (
				F990B6F3247E58410061A66A /* Weather Details */,
				F990B6F2247E581F0061A66A /* Forcast View */,
			);
			path = View;
			sourceTree = "<group>";
		};
		F9684EF624792E97003C0682 /* Model */ = {
			isa = PBXGroup;
			children = (
				F9684EF724792EAD003C0682 /* WeeklyWeatherModel.swift */,
			);
			path = Model;
			sourceTree = "<group>";
		};
		F9684EF9247934CA003C0682 /* View Model */ = {
			isa = PBXGroup;
			children = (
				F9684EFA247934EB003C0682 /* WeeklyWeatherViewModel.swift */,
			);
			path = "View Model";
			sourceTree = "<group>";
		};
		F9684F00247A4CB5003C0682 /* Add City */ = {
			isa = PBXGroup;
			children = (
				F9F61749247A631000810F99 /* View */,
				F9684F06247A569C003C0682 /* View Model */,
				F9684F01247A4CC3003C0682 /* Model */,
			);
			path = "Add City";
			sourceTree = "<group>";
		};
		F9684F01247A4CC3003C0682 /* Model */ = {
			isa = PBXGroup;
			children = (
				F9684F02247A4CDB003C0682 /* CityDataModel.swift */,
			);
			path = Model;
			sourceTree = "<group>";
		};
		F9684F06247A569C003C0682 /* View Model */ = {
			isa = PBXGroup;
			children = (
				F9684F04247A5695003C0682 /* CityViewModel.swift */,
			);
			path = "View Model";
			sourceTree = "<group>";
		};
		F990B6F2247E581F0061A66A /* Forcast View */ = {
			isa = PBXGroup;
			children = (
				F9684EF424791B94003C0682 /* WeeklyWeatherTableViewCell.swift */,
				F9684EFC24795802003C0682 /* DailyWeatherCollectionViewCell.swift */,
			);
			path = "Forcast View";
			sourceTree = "<group>";
		};
		F990B6F3247E58410061A66A /* Weather Details */ = {
			isa = PBXGroup;
			children = (
				F91146BA247851BE00E26A23 /* WeatherDetailTableViewController.swift */,
				F91146B62477E53A00E26A23 /* WeatherDetailTableViewCell.swift */,
			);
			path = "Weather Details";
			sourceTree = "<group>";
		};
		F9F61749247A631000810F99 /* View */ = {
			isa = PBXGroup;
			children = (
				F9F6174A247A634500810F99 /* AddCityViewController.swift */,
				F9AD0987247A74E5003CB487 /* CityTableViewCell.swift */,
			);
			path = View;
			sourceTree = "<group>";
		};
/* End PBXGroup section */

/* Begin PBXNativeTarget section */
		F91146672476882400E26A23 /* Optus POC */ = {
			isa = PBXNativeTarget;
			buildConfigurationList = F91146922476883200E26A23 /* Build configuration list for PBXNativeTarget "Optus POC" */;
			buildPhases = (
				F91146642476882400E26A23 /* Sources */,
				F91146652476882400E26A23 /* Frameworks */,
				F91146662476882400E26A23 /* Resources */,
			);
			buildRules = (
			);
			dependencies = (
			);
			name = "Optus POC";
			productName = "Optus POC";
			productReference = F91146682476882400E26A23 /* Optus POC.app */;
			productType = "com.apple.product-type.application";
		};
		F911467D2476883200E26A23 /* Optus POCTests */ = {
			isa = PBXNativeTarget;
			buildConfigurationList = F91146952476883200E26A23 /* Build configuration list for PBXNativeTarget "Optus POCTests" */;
			buildPhases = (
				F911467A2476883200E26A23 /* Sources */,
				F911467B2476883200E26A23 /* Frameworks */,
				F911467C2476883200E26A23 /* Resources */,
			);
			buildRules = (
			);
			dependencies = (
				F91146802476883200E26A23 /* PBXTargetDependency */,
			);
			name = "Optus POCTests";
			productName = "Optus POCTests";
			productReference = F911467E2476883200E26A23 /* Optus POCTests.xctest */;
			productType = "com.apple.product-type.bundle.unit-test";
		};
		F91146882476883200E26A23 /* Optus POCUITests */ = {
			isa = PBXNativeTarget;
			buildConfigurationList = F91146982476883200E26A23 /* Build configuration list for PBXNativeTarget "Optus POCUITests" */;
			buildPhases = (
				F91146852476883200E26A23 /* Sources */,
				F91146862476883200E26A23 /* Frameworks */,
				F91146872476883200E26A23 /* Resources */,
			);
			buildRules = (
			);
			dependencies = (
				F911468B2476883200E26A23 /* PBXTargetDependency */,
			);
			name = "Optus POCUITests";
			productName = "Optus POCUITests";
			productReference = F91146892476883200E26A23 /* Optus POCUITests.xctest */;
			productType = "com.apple.product-type.bundle.ui-testing";
		};
/* End PBXNativeTarget section */

/* Begin PBXProject section */
		F91146602476882400E26A23 /* Project object */ = {
			isa = PBXProject;
			attributes = {
				LastSwiftUpdateCheck = 1140;
				LastUpgradeCheck = 1140;
				ORGANIZATIONNAME = Rohit;
				TargetAttributes = {
					F91146672476882400E26A23 = {
						CreatedOnToolsVersion = 11.4.1;
					};
					F911467D2476883200E26A23 = {
						CreatedOnToolsVersion = 11.4.1;
						TestTargetID = F91146672476882400E26A23;
					};
					F91146882476883200E26A23 = {
						CreatedOnToolsVersion = 11.4.1;
						TestTargetID = F91146672476882400E26A23;
					};
				};
			};
			buildConfigurationList = F91146632476882400E26A23 /* Build configuration list for PBXProject "Optus POC" */;
			compatibilityVersion = "Xcode 9.3";
			developmentRegion = en;
			hasScannedForEncodings = 0;
			knownRegions = (
				en,
				Base,
			);
			mainGroup = F911465F2476882400E26A23;
			productRefGroup = F91146692476882400E26A23 /* Products */;
			projectDirPath = "";
			projectRoot = "";
			targets = (
				F91146672476882400E26A23 /* Optus POC */,
				F911467D2476883200E26A23 /* Optus POCTests */,
				F91146882476883200E26A23 /* Optus POCUITests */,
			);
		};
/* End PBXProject section */

/* Begin PBXResourcesBuildPhase section */
		F91146662476882400E26A23 /* Resources */ = {
			isa = PBXResourcesBuildPhase;
			buildActionMask = 2147483647;
			files = (
				F990B6F1247E2EE40061A66A /* current.city.list.json in Resources */,
				F91146782476883100E26A23 /* LaunchScreen.storyboard in Resources */,
				F9AD0992247B93AF003CB487 /* Localizable.strings in Resources */,
				F91146752476883100E26A23 /* Assets.xcassets in Resources */,
				F91146732476882500E26A23 /* Main.storyboard in Resources */,
				F9AD098E247AF66B003CB487 /* ApiKeys.plist in Resources */,
			);
			runOnlyForDeploymentPostprocessing = 0;
		};
		F911467C2476883200E26A23 /* Resources */ = {
			isa = PBXResourcesBuildPhase;
			buildActionMask = 2147483647;
			files = (
			);
			runOnlyForDeploymentPostprocessing = 0;
		};
		F91146872476883200E26A23 /* Resources */ = {
			isa = PBXResourcesBuildPhase;
			buildActionMask = 2147483647;
			files = (
			);
			runOnlyForDeploymentPostprocessing = 0;
		};
/* End PBXResourcesBuildPhase section */

/* Begin PBXSourcesBuildPhase section */
		F91146642476882400E26A23 /* Sources */ = {
			isa = PBXSourcesBuildPhase;
			buildActionMask = 2147483647;
			files = (
				F9684EF524791B94003C0682 /* WeeklyWeatherTableViewCell.swift in Sources */,
				F9684F03247A4CDB003C0682 /* CityDataModel.swift in Sources */,
				F9AD0988247A74E5003CB487 /* CityTableViewCell.swift in Sources */,
				F9AD098A247A8EE3003CB487 /* UITableViewControllerExtension.swift in Sources */,
				F9F6174B247A634500810F99 /* AddCityViewController.swift in Sources */,
				F91146A1247690FD00E26A23 /* WeatherTableViewCell.swift in Sources */,
				F9684F05247A5695003C0682 /* CityViewModel.swift in Sources */,
				F91146702476882500E26A23 /* WeatherListViewController.swift in Sources */,
				F91146A82476BD0300E26A23 /* TempInformation.swift in Sources */,
				F91146B72477E53A00E26A23 /* WeatherDetailTableViewCell.swift in Sources */,
				F91146A42476925200E26A23 /* Constant.swift in Sources */,
				F91146AF24779CFD00E26A23 /* UIImageView+URLImage.swift in Sources */,
				F9684EF824792EAD003C0682 /* WeeklyWeatherModel.swift in Sources */,
				F9AD0996247BBB6C003CB487 /* Reachability.swift in Sources */,
				F91146BB247851BE00E26A23 /* WeatherDetailTableViewController.swift in Sources */,
				F9AD0998247BF4C4003CB487 /* String+Capital.swift in Sources */,
				F9AD098C247AA0EF003CB487 /* UserDefault+Helper.swift in Sources */,
				F9684EFD24795802003C0682 /* DailyWeatherCollectionViewCell.swift in Sources */,
				F91146AA2476CA3A00E26A23 /* NetworkManager.swift in Sources */,
				F911466C2476882500E26A23 /* AppDelegate.swift in Sources */,
				F9684EFB247934EB003C0682 /* WeeklyWeatherViewModel.swift in Sources */,
				F91146AD2476CB6F00E26A23 /* WeatherDataViewModel.swift in Sources */,
				F91146A624769BAB00E26A23 /* WeatherModel.swift in Sources */,
				F911466E2476882500E26A23 /* SceneDelegate.swift in Sources */,
			);
			runOnlyForDeploymentPostprocessing = 0;
		};
		F911467A2476883200E26A23 /* Sources */ = {
			isa = PBXSourcesBuildPhase;
			buildActionMask = 2147483647;
			files = (
				F9AD0994247BA817003CB487 /* AddCity_Test.swift in Sources */,
				F91146832476883200E26A23 /* Optus_POCTests.swift in Sources */,
			);
			runOnlyForDeploymentPostprocessing = 0;
		};
		F91146852476883200E26A23 /* Sources */ = {
			isa = PBXSourcesBuildPhase;
			buildActionMask = 2147483647;
			files = (
				F911468E2476883200E26A23 /* Optus_POCUITests.swift in Sources */,
			);
			runOnlyForDeploymentPostprocessing = 0;
		};
/* End PBXSourcesBuildPhase section */

/* Begin PBXTargetDependency section */
		F91146802476883200E26A23 /* PBXTargetDependency */ = {
			isa = PBXTargetDependency;
			target = F91146672476882400E26A23 /* Optus POC */;
			targetProxy = F911467F2476883200E26A23 /* PBXContainerItemProxy */;
		};
		F911468B2476883200E26A23 /* PBXTargetDependency */ = {
			isa = PBXTargetDependency;
			target = F91146672476882400E26A23 /* Optus POC */;
			targetProxy = F911468A2476883200E26A23 /* PBXContainerItemProxy */;
		};
/* End PBXTargetDependency section */

/* Begin PBXVariantGroup section */
		F91146712476882500E26A23 /* Main.storyboard */ = {
			isa = PBXVariantGroup;
			children = (
				F91146722476882500E26A23 /* Base */,
			);
			name = Main.storyboard;
			sourceTree = "<group>";
		};
		F91146762476883100E26A23 /* LaunchScreen.storyboard */ = {
			isa = PBXVariantGroup;
			children = (
				F91146772476883100E26A23 /* Base */,
			);
			name = LaunchScreen.storyboard;
			sourceTree = "<group>";
		};
/* End PBXVariantGroup section */

/* Begin XCBuildConfiguration section */
		F91146902476883200E26A23 /* Debug */ = {
			isa = XCBuildConfiguration;
			buildSettings = {
				ALWAYS_SEARCH_USER_PATHS = NO;
				CLANG_ANALYZER_NONNULL = YES;
				CLANG_ANALYZER_NUMBER_OBJECT_CONVERSION = YES_AGGRESSIVE;
				CLANG_CXX_LANGUAGE_STANDARD = "gnu++14";
				CLANG_CXX_LIBRARY = "libc++";
				CLANG_ENABLE_MODULES = YES;
				CLANG_ENABLE_OBJC_ARC = YES;
				CLANG_ENABLE_OBJC_WEAK = YES;
				CLANG_WARN_BLOCK_CAPTURE_AUTORELEASING = YES;
				CLANG_WARN_BOOL_CONVERSION = YES;
				CLANG_WARN_COMMA = YES;
				CLANG_WARN_CONSTANT_CONVERSION = YES;
				CLANG_WARN_DEPRECATED_OBJC_IMPLEMENTATIONS = YES;
				CLANG_WARN_DIRECT_OBJC_ISA_USAGE = YES_ERROR;
				CLANG_WARN_DOCUMENTATION_COMMENTS = YES;
				CLANG_WARN_EMPTY_BODY = YES;
				CLANG_WARN_ENUM_CONVERSION = YES;
				CLANG_WARN_INFINITE_RECURSION = YES;
				CLANG_WARN_INT_CONVERSION = YES;
				CLANG_WARN_NON_LITERAL_NULL_CONVERSION = YES;
				CLANG_WARN_OBJC_IMPLICIT_RETAIN_SELF = YES;
				CLANG_WARN_OBJC_LITERAL_CONVERSION = YES;
				CLANG_WARN_OBJC_ROOT_CLASS = YES_ERROR;
				CLANG_WARN_RANGE_LOOP_ANALYSIS = YES;
				CLANG_WARN_STRICT_PROTOTYPES = YES;
				CLANG_WARN_SUSPICIOUS_MOVE = YES;
				CLANG_WARN_UNGUARDED_AVAILABILITY = YES_AGGRESSIVE;
				CLANG_WARN_UNREACHABLE_CODE = YES;
				CLANG_WARN__DUPLICATE_METHOD_MATCH = YES;
				COPY_PHASE_STRIP = NO;
				DEBUG_INFORMATION_FORMAT = dwarf;
				ENABLE_STRICT_OBJC_MSGSEND = YES;
				ENABLE_TESTABILITY = YES;
				GCC_C_LANGUAGE_STANDARD = gnu11;
				GCC_DYNAMIC_NO_PIC = NO;
				GCC_NO_COMMON_BLOCKS = YES;
				GCC_OPTIMIZATION_LEVEL = 0;
				GCC_PREPROCESSOR_DEFINITIONS = (
					"DEBUG=1",
					"$(inherited)",
				);
				GCC_WARN_64_TO_32_BIT_CONVERSION = YES;
				GCC_WARN_ABOUT_RETURN_TYPE = YES_ERROR;
				GCC_WARN_UNDECLARED_SELECTOR = YES;
				GCC_WARN_UNINITIALIZED_AUTOS = YES_AGGRESSIVE;
				GCC_WARN_UNUSED_FUNCTION = YES;
				GCC_WARN_UNUSED_VARIABLE = YES;
				IPHONEOS_DEPLOYMENT_TARGET = 12.0;
				MTL_ENABLE_DEBUG_INFO = INCLUDE_SOURCE;
				MTL_FAST_MATH = YES;
				ONLY_ACTIVE_ARCH = YES;
				SDKROOT = iphoneos;
				SWIFT_ACTIVE_COMPILATION_CONDITIONS = DEBUG;
				SWIFT_OPTIMIZATION_LEVEL = "-Onone";
			};
			name = Debug;
		};
		F91146912476883200E26A23 /* Release */ = {
			isa = XCBuildConfiguration;
			buildSettings = {
				ALWAYS_SEARCH_USER_PATHS = NO;
				CLANG_ANALYZER_NONNULL = YES;
				CLANG_ANALYZER_NUMBER_OBJECT_CONVERSION = YES_AGGRESSIVE;
				CLANG_CXX_LANGUAGE_STANDARD = "gnu++14";
				CLANG_CXX_LIBRARY = "libc++";
				CLANG_ENABLE_MODULES = YES;
				CLANG_ENABLE_OBJC_ARC = YES;
				CLANG_ENABLE_OBJC_WEAK = YES;
				CLANG_WARN_BLOCK_CAPTURE_AUTORELEASING = YES;
				CLANG_WARN_BOOL_CONVERSION = YES;
				CLANG_WARN_COMMA = YES;
				CLANG_WARN_CONSTANT_CONVERSION = YES;
				CLANG_WARN_DEPRECATED_OBJC_IMPLEMENTATIONS = YES;
				CLANG_WARN_DIRECT_OBJC_ISA_USAGE = YES_ERROR;
				CLANG_WARN_DOCUMENTATION_COMMENTS = YES;
				CLANG_WARN_EMPTY_BODY = YES;
				CLANG_WARN_ENUM_CONVERSION = YES;
				CLANG_WARN_INFINITE_RECURSION = YES;
				CLANG_WARN_INT_CONVERSION = YES;
				CLANG_WARN_NON_LITERAL_NULL_CONVERSION = YES;
				CLANG_WARN_OBJC_IMPLICIT_RETAIN_SELF = YES;
				CLANG_WARN_OBJC_LITERAL_CONVERSION = YES;
				CLANG_WARN_OBJC_ROOT_CLASS = YES_ERROR;
				CLANG_WARN_RANGE_LOOP_ANALYSIS = YES;
				CLANG_WARN_STRICT_PROTOTYPES = YES;
				CLANG_WARN_SUSPICIOUS_MOVE = YES;
				CLANG_WARN_UNGUARDED_AVAILABILITY = YES_AGGRESSIVE;
				CLANG_WARN_UNREACHABLE_CODE = YES;
				CLANG_WARN__DUPLICATE_METHOD_MATCH = YES;
				COPY_PHASE_STRIP = NO;
				DEBUG_INFORMATION_FORMAT = "dwarf-with-dsym";
				ENABLE_NS_ASSERTIONS = NO;
				ENABLE_STRICT_OBJC_MSGSEND = YES;
				GCC_C_LANGUAGE_STANDARD = gnu11;
				GCC_NO_COMMON_BLOCKS = YES;
				GCC_WARN_64_TO_32_BIT_CONVERSION = YES;
				GCC_WARN_ABOUT_RETURN_TYPE = YES_ERROR;
				GCC_WARN_UNDECLARED_SELECTOR = YES;
				GCC_WARN_UNINITIALIZED_AUTOS = YES_AGGRESSIVE;
				GCC_WARN_UNUSED_FUNCTION = YES;
				GCC_WARN_UNUSED_VARIABLE = YES;
				IPHONEOS_DEPLOYMENT_TARGET = 12.0;
				MTL_ENABLE_DEBUG_INFO = NO;
				MTL_FAST_MATH = YES;
				SDKROOT = iphoneos;
				SWIFT_COMPILATION_MODE = wholemodule;
				SWIFT_OPTIMIZATION_LEVEL = "-O";
				VALIDATE_PRODUCT = YES;
			};
			name = Release;
		};
		F91146932476883200E26A23 /* Debug */ = {
			isa = XCBuildConfiguration;
			buildSettings = {
				ASSETCATALOG_COMPILER_APPICON_NAME = AppIcon;
				CODE_SIGN_STYLE = Automatic;
				INFOPLIST_FILE = "Optus POC/Info.plist";
				LD_RUNPATH_SEARCH_PATHS = (
					"$(inherited)",
					"@executable_path/Frameworks",
				);
				PRODUCT_BUNDLE_IDENTIFIER = "TechMahindra.Optus-POC";
				PRODUCT_NAME = "$(TARGET_NAME)";
				SWIFT_VERSION = 5.0;
				TARGETED_DEVICE_FAMILY = "1,2";
			};
			name = Debug;
		};
		F91146942476883200E26A23 /* Release */ = {
			isa = XCBuildConfiguration;
			buildSettings = {
				ASSETCATALOG_COMPILER_APPICON_NAME = AppIcon;
				CODE_SIGN_STYLE = Automatic;
				INFOPLIST_FILE = "Optus POC/Info.plist";
				LD_RUNPATH_SEARCH_PATHS = (
					"$(inherited)",
					"@executable_path/Frameworks",
				);
				PRODUCT_BUNDLE_IDENTIFIER = "TechMahindra.Optus-POC";
				PRODUCT_NAME = "$(TARGET_NAME)";
				SWIFT_VERSION = 5.0;
				TARGETED_DEVICE_FAMILY = "1,2";
			};
			name = Release;
		};
		F91146962476883200E26A23 /* Debug */ = {
			isa = XCBuildConfiguration;
			buildSettings = {
				ALWAYS_EMBED_SWIFT_STANDARD_LIBRARIES = YES;
				BUNDLE_LOADER = "$(TEST_HOST)";
				CODE_SIGN_STYLE = Automatic;
				INFOPLIST_FILE = "Optus POCTests/Info.plist";
				IPHONEOS_DEPLOYMENT_TARGET = 13.4;
				LD_RUNPATH_SEARCH_PATHS = (
					"$(inherited)",
					"@executable_path/Frameworks",
					"@loader_path/Frameworks",
				);
				PRODUCT_BUNDLE_IDENTIFIER = "TechMahindra.Optus-POCTests";
				PRODUCT_NAME = "$(TARGET_NAME)";
				SWIFT_VERSION = 5.0;
				TARGETED_DEVICE_FAMILY = "1,2";
				TEST_HOST = "$(BUILT_PRODUCTS_DIR)/Optus POC.app/Optus POC";
			};
			name = Debug;
		};
		F91146972476883200E26A23 /* Release */ = {
			isa = XCBuildConfiguration;
			buildSettings = {
				ALWAYS_EMBED_SWIFT_STANDARD_LIBRARIES = YES;
				BUNDLE_LOADER = "$(TEST_HOST)";
				CODE_SIGN_STYLE = Automatic;
				INFOPLIST_FILE = "Optus POCTests/Info.plist";
				IPHONEOS_DEPLOYMENT_TARGET = 13.4;
				LD_RUNPATH_SEARCH_PATHS = (
					"$(inherited)",
					"@executable_path/Frameworks",
					"@loader_path/Frameworks",
				);
				PRODUCT_BUNDLE_IDENTIFIER = "TechMahindra.Optus-POCTests";
				PRODUCT_NAME = "$(TARGET_NAME)";
				SWIFT_VERSION = 5.0;
				TARGETED_DEVICE_FAMILY = "1,2";
				TEST_HOST = "$(BUILT_PRODUCTS_DIR)/Optus POC.app/Optus POC";
			};
			name = Release;
		};
		F91146992476883200E26A23 /* Debug */ = {
			isa = XCBuildConfiguration;
			buildSettings = {
				ALWAYS_EMBED_SWIFT_STANDARD_LIBRARIES = YES;
				CODE_SIGN_STYLE = Automatic;
				INFOPLIST_FILE = "Optus POCUITests/Info.plist";
				LD_RUNPATH_SEARCH_PATHS = (
					"$(inherited)",
					"@executable_path/Frameworks",
					"@loader_path/Frameworks",
				);
				PRODUCT_BUNDLE_IDENTIFIER = "TechMahindra.Optus-POCUITests";
				PRODUCT_NAME = "$(TARGET_NAME)";
				SWIFT_VERSION = 5.0;
				TARGETED_DEVICE_FAMILY = "1,2";
				TEST_TARGET_NAME = "Optus POC";
			};
			name = Debug;
		};
		F911469A2476883200E26A23 /* Release */ = {
			isa = XCBuildConfiguration;
			buildSettings = {
				ALWAYS_EMBED_SWIFT_STANDARD_LIBRARIES = YES;
				CODE_SIGN_STYLE = Automatic;
				INFOPLIST_FILE = "Optus POCUITests/Info.plist";
				LD_RUNPATH_SEARCH_PATHS = (
					"$(inherited)",
					"@executable_path/Frameworks",
					"@loader_path/Frameworks",
				);
				PRODUCT_BUNDLE_IDENTIFIER = "TechMahindra.Optus-POCUITests";
				PRODUCT_NAME = "$(TARGET_NAME)";
				SWIFT_VERSION = 5.0;
				TARGETED_DEVICE_FAMILY = "1,2";
				TEST_TARGET_NAME = "Optus POC";
			};
			name = Release;
		};
/* End XCBuildConfiguration section */

/* Begin XCConfigurationList section */
		F91146632476882400E26A23 /* Build configuration list for PBXProject "Optus POC" */ = {
			isa = XCConfigurationList;
			buildConfigurations = (
				F91146902476883200E26A23 /* Debug */,
				F91146912476883200E26A23 /* Release */,
			);
			defaultConfigurationIsVisible = 0;
			defaultConfigurationName = Release;
		};
		F91146922476883200E26A23 /* Build configuration list for PBXNativeTarget "Optus POC" */ = {
			isa = XCConfigurationList;
			buildConfigurations = (
				F91146932476883200E26A23 /* Debug */,
				F91146942476883200E26A23 /* Release */,
			);
			defaultConfigurationIsVisible = 0;
			defaultConfigurationName = Release;
		};
		F91146952476883200E26A23 /* Build configuration list for PBXNativeTarget "Optus POCTests" */ = {
			isa = XCConfigurationList;
			buildConfigurations = (
				F91146962476883200E26A23 /* Debug */,
				F91146972476883200E26A23 /* Release */,
			);
			defaultConfigurationIsVisible = 0;
			defaultConfigurationName = Release;
		};
		F91146982476883200E26A23 /* Build configuration list for PBXNativeTarget "Optus POCUITests" */ = {
			isa = XCConfigurationList;
			buildConfigurations = (
				F91146992476883200E26A23 /* Debug */,
				F911469A2476883200E26A23 /* Release */,
			);
			defaultConfigurationIsVisible = 0;
			defaultConfigurationName = Release;
		};
/* End XCConfigurationList section */
	};
	rootObject = F91146602476882400E26A23 /* Project object */;
}
